
Microsoft Visual Studio Solution File, Format Version 12.00
# Visual Studio Version 17
VisualStudioVersion = 17.9.34622.214
MinimumVisualStudioVersion = 10.0.40219.1
Project("{FAE04EC0-301F-11D3-BF4B-00C04F79EFBC}") = "CMD_DEMO_BDD", "CMD_DEMO_BDD\CMD_DEMO_BDD.csproj", "{0F6E89E6-CA42-466D-A955-5BFEC292EF67}"
EndProject
Global
	GlobalSection(SolutionConfigurationPlatforms) = preSolution
		Debug|Any CPU = Debug|Any CPU
		Release|Any CPU = Release|Any CPU
	EndGlobalSection
	GlobalSection(ProjectConfigurationPlatforms) = postSolution
		{0F6E89E6-CA42-466D-A955-5BFEC292EF67}.Debug|Any CPU.ActiveCfg = Debug|Any CPU
		{0F6E89E6-CA42-466D-A955-5BFEC292EF67}.Debug|Any CPU.Build.0 = Debug|Any CPU
		{0F6E89E6-CA42-466D-A955-5BFEC292EF67}.Release|Any CPU.ActiveCfg = Release|Any CPU
		{0F6E89E6-CA42-466D-A955-5BFEC292EF67}.Release|Any CPU.Build.0 = Release|Any CPU
	EndGlobalSection
	GlobalSection(SolutionProperties) = preSolution
		HideSolutionNode = FALSE
	EndGlobalSection
	GlobalSection(ExtensibilityGlobals) = postSolution
		SolutionGuid = {3CC0C263-3C91-46EA-8BAA-10B98E518F99}
	EndGlobalSection
EndGlobal
