
Microsoft Visual Studio Solution File, Format Version 12.00
# Visual Studio Version 17
VisualStudioVersion = 17.9.34714.143
MinimumVisualStudioVersion = 10.0.40219.1
Project("{FAE04EC0-301F-11D3-BF4B-00C04F79EFBC}") = "DEMO_LISTE_CHAINEE", "DEMO_LISTE_CHAINEE\DEMO_LISTE_CHAINEE.csproj", "{B82574B9-7C51-44E9-AA97-81965394A153}"
EndProject
Global
	GlobalSection(SolutionConfigurationPlatforms) = preSolution
		Debug|Any CPU = Debug|Any CPU
		Release|Any CPU = Release|Any CPU
	EndGlobalSection
	GlobalSection(ProjectConfigurationPlatforms) = postSolution
		{B82574B9-7C51-44E9-AA97-81965394A153}.Debug|Any CPU.ActiveCfg = Debug|Any CPU
		{B82574B9-7C51-44E9-AA97-81965394A153}.Debug|Any CPU.Build.0 = Debug|Any CPU
		{B82574B9-7C51-44E9-AA97-81965394A153}.Release|Any CPU.ActiveCfg = Release|Any CPU
		{B82574B9-7C51-44E9-AA97-81965394A153}.Release|Any CPU.Build.0 = Release|Any CPU
	EndGlobalSection
	GlobalSection(SolutionProperties) = preSolution
		HideSolutionNode = FALSE
	EndGlobalSection
	GlobalSection(ExtensibilityGlobals) = postSolution
		SolutionGuid = {DBDA0A18-8153-4BA0-BA42-C43344429B48}
	EndGlobalSection
EndGlobal
